// !$*UTF8*$!
{
	archiveVersion = 1;
	classes = {
	};
	objectVersion = 46;
	objects = {

/* Begin PBXBuildFile section */
		52EE571A1CC4DFCA0073E2F0 /* AppDelegate.swift in Sources */ = {isa = PBXBuildFile; fileRef = 52EE57191CC4DFCA0073E2F0 /* AppDelegate.swift */; };
		52EE571C1CC4DFCA0073E2F0 /* ViewController.swift in Sources */ = {isa = PBXBuildFile; fileRef = 52EE571B1CC4DFCA0073E2F0 /* ViewController.swift */; };
		52EE571F1CC4DFCA0073E2F0 /* Main.storyboard in Resources */ = {isa = PBXBuildFile; fileRef = 52EE571D1CC4DFCA0073E2F0 /* Main.storyboard */; };
		52EE57211CC4DFCA0073E2F0 /* Assets.xcassets in Resources */ = {isa = PBXBuildFile; fileRef = 52EE57201CC4DFCA0073E2F0 /* Assets.xcassets */; };
		52EE57241CC4DFCA0073E2F0 /* LaunchScreen.storyboard in Resources */ = {isa = PBXBuildFile; fileRef = 52EE57221CC4DFCA0073E2F0 /* LaunchScreen.storyboard */; };
		52EE572F1CC4DFCA0073E2F0 /* MusicVideoTests.swift in Sources */ = {isa = PBXBuildFile; fileRef = 52EE572E1CC4DFCA0073E2F0 /* MusicVideoTests.swift */; };
		52EE573A1CC4DFCA0073E2F0 /* MusicVideoUITests.swift in Sources */ = {isa = PBXBuildFile; fileRef = 52EE57391CC4DFCA0073E2F0 /* MusicVideoUITests.swift */; };
/* End PBXBuildFile section */

/* Begin PBXContainerItemProxy section */
		52EE572B1CC4DFCA0073E2F0 /* PBXContainerItemProxy */ = {
			isa = PBXContainerItemProxy;
			containerPortal = 52EE570E1CC4DFCA0073E2F0 /* Project object */;
			proxyType = 1;
			remoteGlobalIDString = 52EE57151CC4DFCA0073E2F0;
			remoteInfo = MusicVideo;
		};
		52EE57361CC4DFCA0073E2F0 /* PBXContainerItemProxy */ = {
			isa = PBXContainerItemProxy;
			containerPortal = 52EE570E1CC4DFCA0073E2F0 /* Project object */;
			proxyType = 1;
			remoteGlobalIDString = 52EE57151CC4DFCA0073E2F0;
			remoteInfo = MusicVideo;
		};
/* End PBXContainerItemProxy section */

/* Begin PBXFileReference section */
		52EE57161CC4DFCA0073E2F0 /* MusicVideo.app */ = {isa = PBXFileReference; explicitFileType = wrapper.application; includeInIndex = 0; path = MusicVideo.app; sourceTree = BUILT_PRODUCTS_DIR; };
		52EE57191CC4DFCA0073E2F0 /* AppDelegate.swift */ = {isa = PBXFileReference; lastKnownFileType = sourcecode.swift; path = AppDelegate.swift; sourceTree = "<group>"; };
		52EE571B1CC4DFCA0073E2F0 /* ViewController.swift */ = {isa = PBXFileReference; lastKnownFileType = sourcecode.swift; path = ViewController.swift; sourceTree = "<group>"; };
		52EE571E1CC4DFCA0073E2F0 /* Base */ = {isa = PBXFileReference; lastKnownFileType = file.storyboard; name = Base; path = Base.lproj/Main.storyboard; sourceTree = "<group>"; };
		52EE57201CC4DFCA0073E2F0 /* Assets.xcassets */ = {isa = PBXFileReference; lastKnownFileType = folder.assetcatalog; path = Assets.xcassets; sourceTree = "<group>"; };
		52EE57231CC4DFCA0073E2F0 /* Base */ = {isa = PBXFileReference; lastKnownFileType = file.storyboard; name = Base; path = Base.lproj/LaunchScreen.storyboard; sourceTree = "<group>"; };
		52EE57251CC4DFCA0073E2F0 /* Info.plist */ = {isa = PBXFileReference; lastKnownFileType = text.plist.xml; path = Info.plist; sourceTree = "<group>"; };
		52EE572A1CC4DFCA0073E2F0 /* MusicVideoTests.xctest */ = {isa = PBXFileReference; explicitFileType = wrapper.cfbundle; includeInIndex = 0; path = MusicVideoTests.xctest; sourceTree = BUILT_PRODUCTS_DIR; };
		52EE572E1CC4DFCA0073E2F0 /* MusicVideoTests.swift */ = {isa = PBXFileReference; lastKnownFileType = sourcecode.swift; path = MusicVideoTests.swift; sourceTree = "<group>"; };
		52EE57301CC4DFCA0073E2F0 /* Info.plist */ = {isa = PBXFileReference; lastKnownFileType = text.plist.xml; path = Info.plist; sourceTree = "<group>"; };
		52EE57351CC4DFCA0073E2F0 /* MusicVideoUITests.xctest */ = {isa = PBXFileReference; explicitFileType = wrapper.cfbundle; includeInIndex = 0; path = MusicVideoUITests.xctest; sourceTree = BUILT_PRODUCTS_DIR; };
		52EE57391CC4DFCA0073E2F0 /* MusicVideoUITests.swift */ = {isa = PBXFileReference; lastKnownFileType = sourcecode.swift; path = MusicVideoUITests.swift; sourceTree = "<group>"; };
		52EE573B1CC4DFCA0073E2F0 /* Info.plist */ = {isa = PBXFileReference; lastKnownFileType = text.plist.xml; path = Info.plist; sourceTree = "<group>"; };
/* End PBXFileReference section */

/* Begin PBXFrameworksBuildPhase section */
		52EE57131CC4DFCA0073E2F0 /* Frameworks */ = {
			isa = PBXFrameworksBuildPhase;
			buildActionMask = 2147483647;
			files = (
			);
			runOnlyForDeploymentPostprocessing = 0;
		};
		52EE57271CC4DFCA0073E2F0 /* Frameworks */ = {
			isa = PBXFrameworksBuildPhase;
			buildActionMask = 2147483647;
			files = (
			);
			runOnlyForDeploymentPostprocessing = 0;
		};
		52EE57321CC4DFCA0073E2F0 /* Frameworks */ = {
			isa = PBXFrameworksBuildPhase;
			buildActionMask = 2147483647;
			files = (
			);
			runOnlyForDeploymentPostprocessing = 0;
		};
/* End PBXFrameworksBuildPhase section */

/* Begin PBXGroup section */
		52EE570D1CC4DFCA0073E2F0 = {
			isa = PBXGroup;
			children = (
				52EE57181CC4DFCA0073E2F0 /* MusicVideo */,
				52EE572D1CC4DFCA0073E2F0 /* MusicVideoTests */,
				52EE57381CC4DFCA0073E2F0 /* MusicVideoUITests */,
				52EE57171CC4DFCA0073E2F0 /* Products */,
			);
			sourceTree = "<group>";
		};
		52EE57171CC4DFCA0073E2F0 /* Products */ = {
			isa = PBXGroup;
			children = (
				52EE57161CC4DFCA0073E2F0 /* MusicVideo.app */,
				52EE572A1CC4DFCA0073E2F0 /* MusicVideoTests.xctest */,
				52EE57351CC4DFCA0073E2F0 /* MusicVideoUITests.xctest */,
			);
			name = Products;
			sourceTree = "<group>";
		};
		52EE57181CC4DFCA0073E2F0 /* MusicVideo */ = {
			isa = PBXGroup;
			children = (
				52EE574A1CC4E18A0073E2F0 /* Supporting Files */,
				52EE57471CC4E1410073E2F0 /* Model */,
				52EE57481CC4E14A0073E2F0 /* Controller */,
				52EE57491CC4E1630073E2F0 /* View */,
			);
			path = MusicVideo;
			sourceTree = "<group>";
		};
		52EE572D1CC4DFCA0073E2F0 /* MusicVideoTests */ = {
			isa = PBXGroup;
			children = (
				52EE572E1CC4DFCA0073E2F0 /* MusicVideoTests.swift */,
				52EE57301CC4DFCA0073E2F0 /* Info.plist */,
			);
			path = MusicVideoTests;
			sourceTree = "<group>";
		};
		52EE57381CC4DFCA0073E2F0 /* MusicVideoUITests */ = {
			isa = PBXGroup;
			children = (
				52EE57391CC4DFCA0073E2F0 /* MusicVideoUITests.swift */,
				52EE573B1CC4DFCA0073E2F0 /* Info.plist */,
			);
			path = MusicVideoUITests;
			sourceTree = "<group>";
		};
		52EE57471CC4E1410073E2F0 /* Model */ = {
			isa = PBXGroup;
			children = (
			);
			name = Model;
			sourceTree = "<group>";
		};
		52EE57481CC4E14A0073E2F0 /* Controller */ = {
			isa = PBXGroup;
			children = (
				52EE571B1CC4DFCA0073E2F0 /* ViewController.swift */,
			);
			name = Controller;
			sourceTree = "<group>";
		};
		52EE57491CC4E1630073E2F0 /* View */ = {
			isa = PBXGroup;
			children = (
				52EE571D1CC4DFCA0073E2F0 /* Main.storyboard */,
				52EE57221CC4DFCA0073E2F0 /* LaunchScreen.storyboard */,
			);
			name = View;
			sourceTree = "<group>";
		};
		52EE574A1CC4E18A0073E2F0 /* Supporting Files */ = {
			isa = PBXGroup;
			children = (
				52EE57201CC4DFCA0073E2F0 /* Assets.xcassets */,
				52EE57251CC4DFCA0073E2F0 /* Info.plist */,
				52EE57191CC4DFCA0073E2F0 /* AppDelegate.swift */,
			);
			name = "Supporting Files";
			sourceTree = "<group>";
		};
/* End PBXGroup section */

/* Begin PBXNativeTarget section */
		52EE57151CC4DFCA0073E2F0 /* MusicVideo */ = {
			isa = PBXNativeTarget;
			buildConfigurationList = 52EE573E1CC4DFCA0073E2F0 /* Build configuration list for PBXNativeTarget "MusicVideo" */;
			buildPhases = (
				52EE57121CC4DFCA0073E2F0 /* Sources */,
				52EE57131CC4DFCA0073E2F0 /* Frameworks */,
				52EE57141CC4DFCA0073E2F0 /* Resources */,
			);
			buildRules = (
			);
			dependencies = (
			);
			name = MusicVideo;
			productName = MusicVideo;
			productReference = 52EE57161CC4DFCA0073E2F0 /* MusicVideo.app */;
			productType = "com.apple.product-type.application";
		};
		52EE57291CC4DFCA0073E2F0 /* MusicVideoTests */ = {
			isa = PBXNativeTarget;
			buildConfigurationList = 52EE57411CC4DFCA0073E2F0 /* Build configuration list for PBXNativeTarget "MusicVideoTests" */;
			buildPhases = (
				52EE57261CC4DFCA0073E2F0 /* Sources */,
				52EE57271CC4DFCA0073E2F0 /* Frameworks */,
				52EE57281CC4DFCA0073E2F0 /* Resources */,
			);
			buildRules = (
			);
			dependencies = (
				52EE572C1CC4DFCA0073E2F0 /* PBXTargetDependency */,
			);
			name = MusicVideoTests;
			productName = MusicVideoTests;
			productReference = 52EE572A1CC4DFCA0073E2F0 /* MusicVideoTests.xctest */;
			productType = "com.apple.product-type.bundle.unit-test";
		};
		52EE57341CC4DFCA0073E2F0 /* MusicVideoUITests */ = {
			isa = PBXNativeTarget;
			buildConfigurationList = 52EE57441CC4DFCA0073E2F0 /* Build configuration list for PBXNativeTarget "MusicVideoUITests" */;
			buildPhases = (
				52EE57311CC4DFCA0073E2F0 /* Sources */,
				52EE57321CC4DFCA0073E2F0 /* Frameworks */,
				52EE57331CC4DFCA0073E2F0 /* Resources */,
			);
			buildRules = (
			);
			dependencies = (
				52EE57371CC4DFCA0073E2F0 /* PBXTargetDependency */,
			);
			name = MusicVideoUITests;
			productName = MusicVideoUITests;
			productReference = 52EE57351CC4DFCA0073E2F0 /* MusicVideoUITests.xctest */;
			productType = "com.apple.product-type.bundle.ui-testing";
		};
/* End PBXNativeTarget section */

/* Begin PBXProject section */
		52EE570E1CC4DFCA0073E2F0 /* Project object */ = {
			isa = PBXProject;
			attributes = {
				LastSwiftUpdateCheck = 0720;
				LastUpgradeCheck = 0720;
				ORGANIZATIONNAME = "Saw Soe Moe Nyunt";
				TargetAttributes = {
					52EE57151CC4DFCA0073E2F0 = {
						CreatedOnToolsVersion = 7.2.1;
					};
					52EE57291CC4DFCA0073E2F0 = {
						CreatedOnToolsVersion = 7.2.1;
						TestTargetID = 52EE57151CC4DFCA0073E2F0;
					};
					52EE57341CC4DFCA0073E2F0 = {
						CreatedOnToolsVersion = 7.2.1;
						TestTargetID = 52EE57151CC4DFCA0073E2F0;
					};
				};
			};
			buildConfigurationList = 52EE57111CC4DFCA0073E2F0 /* Build configuration list for PBXProject "MusicVideo" */;
			compatibilityVersion = "Xcode 3.2";
			developmentRegion = English;
			hasScannedForEncodings = 0;
			knownRegions = (
				en,
				Base,
			);
			mainGroup = 52EE570D1CC4DFCA0073E2F0;
			productRefGroup = 52EE57171CC4DFCA0073E2F0 /* Products */;
			projectDirPath = "";
			projectRoot = "";
			targets = (
				52EE57151CC4DFCA0073E2F0 /* MusicVideo */,
				52EE57291CC4DFCA0073E2F0 /* MusicVideoTests */,
				52EE57341CC4DFCA0073E2F0 /* MusicVideoUITests */,
			);
		};
/* End PBXProject section */

/* Begin PBXResourcesBuildPhase section */
		52EE57141CC4DFCA0073E2F0 /* Resources */ = {
			isa = PBXResourcesBuildPhase;
			buildActionMask = 2147483647;
			files = (
				52EE57241CC4DFCA0073E2F0 /* LaunchScreen.storyboard in Resources */,
				52EE57211CC4DFCA0073E2F0 /* Assets.xcassets in Resources */,
				52EE571F1CC4DFCA0073E2F0 /* Main.storyboard in Resources */,
			);
			runOnlyForDeploymentPostprocessing = 0;
		};
		52EE57281CC4DFCA0073E2F0 /* Resources */ = {
			isa = PBXResourcesBuildPhase;
			buildActionMask = 2147483647;
			files = (
			);
			runOnlyForDeploymentPostprocessing = 0;
		};
		52EE57331CC4DFCA0073E2F0 /* Resources */ = {
			isa = PBXResourcesBuildPhase;
			buildActionMask = 2147483647;
			files = (
			);
			runOnlyForDeploymentPostprocessing = 0;
		};
/* End PBXResourcesBuildPhase section */

/* Begin PBXSourcesBuildPhase section */
		52EE57121CC4DFCA0073E2F0 /* Sources */ = {
			isa = PBXSourcesBuildPhase;
			buildActionMask = 2147483647;
			files = (
				52EE571C1CC4DFCA0073E2F0 /* ViewController.swift in Sources */,
				52EE571A1CC4DFCA0073E2F0 /* AppDelegate.swift in Sources */,
			);
			runOnlyForDeploymentPostprocessing = 0;
		};
		52EE57261CC4DFCA0073E2F0 /* Sources */ = {
			isa = PBXSourcesBuildPhase;
			buildActionMask = 2147483647;
			files = (
				52EE572F1CC4DFCA0073E2F0 /* MusicVideoTests.swift in Sources */,
			);
			runOnlyForDeploymentPostprocessing = 0;
		};
		52EE57311CC4DFCA0073E2F0 /* Sources */ = {
			isa = PBXSourcesBuildPhase;
			buildActionMask = 2147483647;
			files = (
				52EE573A1CC4DFCA0073E2F0 /* MusicVideoUITests.swift in Sources */,
			);
			runOnlyForDeploymentPostprocessing = 0;
		};
/* End PBXSourcesBuildPhase section */

/* Begin PBXTargetDependency section */
		52EE572C1CC4DFCA0073E2F0 /* PBXTargetDependency */ = {
			isa = PBXTargetDependency;
			target = 52EE57151CC4DFCA0073E2F0 /* MusicVideo */;
			targetProxy = 52EE572B1CC4DFCA0073E2F0 /* PBXContainerItemProxy */;
		};
		52EE57371CC4DFCA0073E2F0 /* PBXTargetDependency */ = {
			isa = PBXTargetDependency;
			target = 52EE57151CC4DFCA0073E2F0 /* MusicVideo */;
			targetProxy = 52EE57361CC4DFCA0073E2F0 /* PBXContainerItemProxy */;
		};
/* End PBXTargetDependency section */

/* Begin PBXVariantGroup section */
		52EE571D1CC4DFCA0073E2F0 /* Main.storyboard */ = {
			isa = PBXVariantGroup;
			children = (
				52EE571E1CC4DFCA0073E2F0 /* Base */,
			);
			name = Main.storyboard;
			sourceTree = "<group>";
		};
		52EE57221CC4DFCA0073E2F0 /* LaunchScreen.storyboard */ = {
			isa = PBXVariantGroup;
			children = (
				52EE57231CC4DFCA0073E2F0 /* Base */,
			);
			name = LaunchScreen.storyboard;
			sourceTree = "<group>";
		};
/* End PBXVariantGroup section */

/* Begin XCBuildConfiguration section */
		52EE573C1CC4DFCA0073E2F0 /* Debug */ = {
			isa = XCBuildConfiguration;
			buildSettings = {
				ALWAYS_SEARCH_USER_PATHS = NO;
				CLANG_CXX_LANGUAGE_STANDARD = "gnu++0x";
				CLANG_CXX_LIBRARY = "libc++";
				CLANG_ENABLE_MODULES = YES;
				CLANG_ENABLE_OBJC_ARC = YES;
				CLANG_WARN_BOOL_CONVERSION = YES;
				CLANG_WARN_CONSTANT_CONVERSION = YES;
				CLANG_WARN_DIRECT_OBJC_ISA_USAGE = YES_ERROR;
				CLANG_WARN_EMPTY_BODY = YES;
				CLANG_WARN_ENUM_CONVERSION = YES;
				CLANG_WARN_INT_CONVERSION = YES;
				CLANG_WARN_OBJC_ROOT_CLASS = YES_ERROR;
				CLANG_WARN_UNREACHABLE_CODE = YES;
				CLANG_WARN__DUPLICATE_METHOD_MATCH = YES;
				"CODE_SIGN_IDENTITY[sdk=iphoneos*]" = "iPhone Developer";
				COPY_PHASE_STRIP = NO;
				DEBUG_INFORMATION_FORMAT = dwarf;
				ENABLE_STRICT_OBJC_MSGSEND = YES;
				ENABLE_TESTABILITY = YES;
				GCC_C_LANGUAGE_STANDARD = gnu99;
				GCC_DYNAMIC_NO_PIC = NO;
				GCC_NO_COMMON_BLOCKS = YES;
				GCC_OPTIMIZATION_LEVEL = 0;
				GCC_PREPROCESSOR_DEFINITIONS = (
					"DEBUG=1",
					"$(inherited)",
				);
				GCC_WARN_64_TO_32_BIT_CONVERSION = YES;
				GCC_WARN_ABOUT_RETURN_TYPE = YES_ERROR;
				GCC_WARN_UNDECLARED_SELECTOR = YES;
				GCC_WARN_UNINITIALIZED_AUTOS = YES_AGGRESSIVE;
				GCC_WARN_UNUSED_FUNCTION = YES;
				GCC_WARN_UNUSED_VARIABLE = YES;
				IPHONEOS_DEPLOYMENT_TARGET = 9.2;
				MTL_ENABLE_DEBUG_INFO = YES;
				ONLY_ACTIVE_ARCH = YES;
				SDKROOT = iphoneos;
				SWIFT_OPTIMIZATION_LEVEL = "-Onone";
			};
			name = Debug;
		};
		52EE573D1CC4DFCA0073E2F0 /* Release */ = {
			isa = XCBuildConfiguration;
			buildSettings = {
				ALWAYS_SEARCH_USER_PATHS = NO;
				CLANG_CXX_LANGUAGE_STANDARD = "gnu++0x";
				CLANG_CXX_LIBRARY = "libc++";
				CLANG_ENABLE_MODULES = YES;
				CLANG_ENABLE_OBJC_ARC = YES;
				CLANG_WARN_BOOL_CONVERSION = YES;
				CLANG_WARN_CONSTANT_CONVERSION = YES;
				CLANG_WARN_DIRECT_OBJC_ISA_USAGE = YES_ERROR;
				CLANG_WARN_EMPTY_BODY = YES;
				CLANG_WARN_ENUM_CONVERSION = YES;
				CLANG_WARN_INT_CONVERSION = YES;
				CLANG_WARN_OBJC_ROOT_CLASS = YES_ERROR;
				CLANG_WARN_UNREACHABLE_CODE = YES;
				CLANG_WARN__DUPLICATE_METHOD_MATCH = YES;
				"CODE_SIGN_IDENTITY[sdk=iphoneos*]" = "iPhone Developer";
				COPY_PHASE_STRIP = NO;
				DEBUG_INFORMATION_FORMAT = "dwarf-with-dsym";
				ENABLE_NS_ASSERTIONS = NO;
				ENABLE_STRICT_OBJC_MSGSEND = YES;
				GCC_C_LANGUAGE_STANDARD = gnu99;
				GCC_NO_COMMON_BLOCKS = YES;
				GCC_WARN_64_TO_32_BIT_CONVERSION = YES;
				GCC_WARN_ABOUT_RETURN_TYPE = YES_ERROR;
				GCC_WARN_UNDECLARED_SELECTOR = YES;
				GCC_WARN_UNINITIALIZED_AUTOS = YES_AGGRESSIVE;
				GCC_WARN_UNUSED_FUNCTION = YES;
				GCC_WARN_UNUSED_VARIABLE = YES;
				IPHONEOS_DEPLOYMENT_TARGET = 9.2;
				MTL_ENABLE_DEBUG_INFO = NO;
				SDKROOT = iphoneos;
				VALIDATE_PRODUCT = YES;
			};
			name = Release;
		};
		52EE573F1CC4DFCA0073E2F0 /* Debug */ = {
			isa = XCBuildConfiguration;
			buildSettings = {
				ASSETCATALOG_COMPILER_APPICON_NAME = AppIcon;
				INFOPLIST_FILE = MusicVideo/Info.plist;
				LD_RUNPATH_SEARCH_PATHS = "$(inherited) @executable_path/Frameworks";
				PRODUCT_BUNDLE_IDENTIFIER = com.SawSMN.MusicVideo;
				PRODUCT_NAME = "$(TARGET_NAME)";
			};
			name = Debug;
		};
		52EE57401CC4DFCA0073E2F0 /* Release */ = {
			isa = XCBuildConfiguration;
			buildSettings = {
				ASSETCATALOG_COMPILER_APPICON_NAME = AppIcon;
				INFOPLIST_FILE = MusicVideo/Info.plist;
				LD_RUNPATH_SEARCH_PATHS = "$(inherited) @executable_path/Frameworks";
				PRODUCT_BUNDLE_IDENTIFIER = com.SawSMN.MusicVideo;
				PRODUCT_NAME = "$(TARGET_NAME)";
			};
			name = Release;
		};
		52EE57421CC4DFCA0073E2F0 /* Debug */ = {
			isa = XCBuildConfiguration;
			buildSettings = {
				BUNDLE_LOADER = "$(TEST_HOST)";
				INFOPLIST_FILE = MusicVideoTests/Info.plist;
				LD_RUNPATH_SEARCH_PATHS = "$(inherited) @executable_path/Frameworks @loader_path/Frameworks";
				PRODUCT_BUNDLE_IDENTIFIER = com.SawSMN.MusicVideoTests;
				PRODUCT_NAME = "$(TARGET_NAME)";
				TEST_HOST = "$(BUILT_PRODUCTS_DIR)/MusicVideo.app/MusicVideo";
			};
			name = Debug;
		};
		52EE57431CC4DFCA0073E2F0 /* Release */ = {
			isa = XCBuildConfiguration;
			buildSettings = {
				BUNDLE_LOADER = "$(TEST_HOST)";
				INFOPLIST_FILE = MusicVideoTests/Info.plist;
				LD_RUNPATH_SEARCH_PATHS = "$(inherited) @executable_path/Frameworks @loader_path/Frameworks";
				PRODUCT_BUNDLE_IDENTIFIER = com.SawSMN.MusicVideoTests;
				PRODUCT_NAME = "$(TARGET_NAME)";
				TEST_HOST = "$(BUILT_PRODUCTS_DIR)/MusicVideo.app/MusicVideo";
			};
			name = Release;
		};
		52EE57451CC4DFCA0073E2F0 /* Debug */ = {
			isa = XCBuildConfiguration;
			buildSettings = {
				INFOPLIST_FILE = MusicVideoUITests/Info.plist;
				LD_RUNPATH_SEARCH_PATHS = "$(inherited) @executable_path/Frameworks @loader_path/Frameworks";
				PRODUCT_BUNDLE_IDENTIFIER = com.SawSMN.MusicVideoUITests;
				PRODUCT_NAME = "$(TARGET_NAME)";
				TEST_TARGET_NAME = MusicVideo;
				USES_XCTRUNNER = YES;
			};
			name = Debug;
		};
		52EE57461CC4DFCA0073E2F0 /* Release */ = {
			isa = XCBuildConfiguration;
			buildSettings = {
				INFOPLIST_FILE = MusicVideoUITests/Info.plist;
				LD_RUNPATH_SEARCH_PATHS = "$(inherited) @executable_path/Frameworks @loader_path/Frameworks";
				PRODUCT_BUNDLE_IDENTIFIER = com.SawSMN.MusicVideoUITests;
				PRODUCT_NAME = "$(TARGET_NAME)";
				TEST_TARGET_NAME = MusicVideo;
				USES_XCTRUNNER = YES;
			};
			name = Release;
		};
/* End XCBuildConfiguration section */

/* Begin XCConfigurationList section */
		52EE57111CC4DFCA0073E2F0 /* Build configuration list for PBXProject "MusicVideo" */ = {
			isa = XCConfigurationList;
			buildConfigurations = (
				52EE573C1CC4DFCA0073E2F0 /* Debug */,
				52EE573D1CC4DFCA0073E2F0 /* Release */,
			);
			defaultConfigurationIsVisible = 0;
			defaultConfigurationName = Release;
		};
		52EE573E1CC4DFCA0073E2F0 /* Build configuration list for PBXNativeTarget "MusicVideo" */ = {
			isa = XCConfigurationList;
			buildConfigurations = (
				52EE573F1CC4DFCA0073E2F0 /* Debug */,
				52EE57401CC4DFCA0073E2F0 /* Release */,
			);
			defaultConfigurationIsVisible = 0;
		};
		52EE57411CC4DFCA0073E2F0 /* Build configuration list for PBXNativeTarget "MusicVideoTests" */ = {
			isa = XCConfigurationList;
			buildConfigurations = (
				52EE57421CC4DFCA0073E2F0 /* Debug */,
				52EE57431CC4DFCA0073E2F0 /* Release */,
			);
			defaultConfigurationIsVisible = 0;
		};
		52EE57441CC4DFCA0073E2F0 /* Build configuration list for PBXNativeTarget "MusicVideoUITests" */ = {
			isa = XCConfigurationList;
			buildConfigurations = (
				52EE57451CC4DFCA0073E2F0 /* Debug */,
				52EE57461CC4DFCA0073E2F0 /* Release */,
			);
			defaultConfigurationIsVisible = 0;
		};
/* End XCConfigurationList section */
	};
	rootObject = 52EE570E1CC4DFCA0073E2F0 /* Project object */;
}
